// !$*UTF8*$!
{
	archiveVersion = 1;
	classes = {
	};
	objectVersion = 51;
	objects = {

/* Begin PBXBuildFile section */
		4DAA44D219CD6040561839E3 /* Pods_photoDB.framework in Frameworks */ = {isa = PBXBuildFile; fileRef = 21ADCFBC61518F5238204396 /* Pods_photoDB.framework */; };
		8632A9952652D7A9003AEC07 /* CreateProfileViewController.swift in Sources */ = {isa = PBXBuildFile; fileRef = 8632A9942652D7A9003AEC07 /* CreateProfileViewController.swift */; };
		8632A9982652DD5B003AEC07 /* FeedViewController.swift in Sources */ = {isa = PBXBuildFile; fileRef = 8632A9972652DD5B003AEC07 /* FeedViewController.swift */; };
		8632A99B2652DDFC003AEC07 /* CameraViewController.swift in Sources */ = {isa = PBXBuildFile; fileRef = 8632A99A2652DDFC003AEC07 /* CameraViewController.swift */; };
		8632A99E2652DE0A003AEC07 /* SettingsViewController.swift in Sources */ = {isa = PBXBuildFile; fileRef = 8632A99D2652DE0A003AEC07 /* SettingsViewController.swift */; };
		86C4731A2652D0B200490651 /* AppDelegate.swift in Sources */ = {isa = PBXBuildFile; fileRef = 86C473192652D0B200490651 /* AppDelegate.swift */; };
		86C4731C2652D0B200490651 /* SceneDelegate.swift in Sources */ = {isa = PBXBuildFile; fileRef = 86C4731B2652D0B200490651 /* SceneDelegate.swift */; };
		86C473212652D0B200490651 /* Main.storyboard in Resources */ = {isa = PBXBuildFile; fileRef = 86C4731F2652D0B200490651 /* Main.storyboard */; };
		86C473232652D0BC00490651 /* Assets.xcassets in Resources */ = {isa = PBXBuildFile; fileRef = 86C473222652D0BC00490651 /* Assets.xcassets */; };
		86C473262652D0BC00490651 /* LaunchScreen.storyboard in Resources */ = {isa = PBXBuildFile; fileRef = 86C473242652D0BC00490651 /* LaunchScreen.storyboard */; };
		86C4732F2652D15500490651 /* GoogleService-Info.plist in Resources */ = {isa = PBXBuildFile; fileRef = 86C4732E2652D15500490651 /* GoogleService-Info.plist */; };
		86C4735B2652D5A100490651 /* LoginViewController.swift in Sources */ = {isa = PBXBuildFile; fileRef = 86C4735A2652D5A100490651 /* LoginViewController.swift */; };
		86C5D0FD26531FD3005DADEB /* MainTabBarController.swift in Sources */ = {isa = PBXBuildFile; fileRef = 86C5D0FC26531FD3005DADEB /* MainTabBarController.swift */; };
		86C5D100265328BD005DADEB /* Photo.swift in Sources */ = {isa = PBXBuildFile; fileRef = 86C5D0FF265328BD005DADEB /* Photo.swift */; };
		86C5D10326532913005DADEB /* PhotoService.swift in Sources */ = {isa = PBXBuildFile; fileRef = 86C5D10226532913005DADEB /* PhotoService.swift */; };
		86DA476D2652EA61000E1927 /* PhotoUser.swift in Sources */ = {isa = PBXBuildFile; fileRef = 86DA476C2652EA61000E1927 /* PhotoUser.swift */; };
		86DA47702652EAA5000E1927 /* UserService.swift in Sources */ = {isa = PBXBuildFile; fileRef = 86DA476F2652EAA5000E1927 /* UserService.swift */; };
		86DA47732652EEC5000E1927 /* Constants.swift in Sources */ = {isa = PBXBuildFile; fileRef = 86DA47722652EEC5000E1927 /* Constants.swift */; };
		86DA47762652FDD3000E1927 /* LocalStorageService.swift in Sources */ = {isa = PBXBuildFile; fileRef = 86DA47752652FDD3000E1927 /* LocalStorageService.swift */; };
/* End PBXBuildFile section */

/* Begin PBXFileReference section */
		21ADCFBC61518F5238204396 /* Pods_photoDB.framework */ = {isa = PBXFileReference; explicitFileType = wrapper.framework; includeInIndex = 0; path = Pods_photoDB.framework; sourceTree = BUILT_PRODUCTS_DIR; };
		42ABE6529E2D5D776D18F969 /* Pods-photoDB.release.xcconfig */ = {isa = PBXFileReference; includeInIndex = 1; lastKnownFileType = text.xcconfig; name = "Pods-photoDB.release.xcconfig"; path = "Target Support Files/Pods-photoDB/Pods-photoDB.release.xcconfig"; sourceTree = "<group>"; };
		8632A9942652D7A9003AEC07 /* CreateProfileViewController.swift */ = {isa = PBXFileReference; lastKnownFileType = sourcecode.swift; path = CreateProfileViewController.swift; sourceTree = "<group>"; };
		8632A9972652DD5B003AEC07 /* FeedViewController.swift */ = {isa = PBXFileReference; lastKnownFileType = sourcecode.swift; path = FeedViewController.swift; sourceTree = "<group>"; };
		8632A99A2652DDFC003AEC07 /* CameraViewController.swift */ = {isa = PBXFileReference; lastKnownFileType = sourcecode.swift; path = CameraViewController.swift; sourceTree = "<group>"; };
		8632A99D2652DE0A003AEC07 /* SettingsViewController.swift */ = {isa = PBXFileReference; lastKnownFileType = sourcecode.swift; path = SettingsViewController.swift; sourceTree = "<group>"; };
		86C473162652D0B200490651 /* photoDB.app */ = {isa = PBXFileReference; explicitFileType = wrapper.application; includeInIndex = 0; path = photoDB.app; sourceTree = BUILT_PRODUCTS_DIR; };
		86C473192652D0B200490651 /* AppDelegate.swift */ = {isa = PBXFileReference; lastKnownFileType = sourcecode.swift; path = AppDelegate.swift; sourceTree = "<group>"; };
		86C4731B2652D0B200490651 /* SceneDelegate.swift */ = {isa = PBXFileReference; lastKnownFileType = sourcecode.swift; path = SceneDelegate.swift; sourceTree = "<group>"; };
		86C473202652D0B200490651 /* Base */ = {isa = PBXFileReference; lastKnownFileType = file.storyboard; name = Base; path = Base.lproj/Main.storyboard; sourceTree = "<group>"; };
		86C473222652D0BC00490651 /* Assets.xcassets */ = {isa = PBXFileReference; lastKnownFileType = folder.assetcatalog; path = Assets.xcassets; sourceTree = "<group>"; };
		86C473252652D0BC00490651 /* Base */ = {isa = PBXFileReference; lastKnownFileType = file.storyboard; name = Base; path = Base.lproj/LaunchScreen.storyboard; sourceTree = "<group>"; };
		86C473272652D0BC00490651 /* Info.plist */ = {isa = PBXFileReference; lastKnownFileType = text.plist.xml; path = Info.plist; sourceTree = "<group>"; };
		86C4732E2652D15500490651 /* GoogleService-Info.plist */ = {isa = PBXFileReference; fileEncoding = 4; lastKnownFileType = text.plist.xml; path = "GoogleService-Info.plist"; sourceTree = "<group>"; };
		86C4735A2652D5A100490651 /* LoginViewController.swift */ = {isa = PBXFileReference; lastKnownFileType = sourcecode.swift; path = LoginViewController.swift; sourceTree = "<group>"; };
		86C5D0FC26531FD3005DADEB /* MainTabBarController.swift */ = {isa = PBXFileReference; lastKnownFileType = sourcecode.swift; path = MainTabBarController.swift; sourceTree = "<group>"; };
		86C5D0FF265328BD005DADEB /* Photo.swift */ = {isa = PBXFileReference; lastKnownFileType = sourcecode.swift; path = Photo.swift; sourceTree = "<group>"; };
		86C5D10226532913005DADEB /* PhotoService.swift */ = {isa = PBXFileReference; lastKnownFileType = sourcecode.swift; path = PhotoService.swift; sourceTree = "<group>"; };
		86DA476C2652EA61000E1927 /* PhotoUser.swift */ = {isa = PBXFileReference; lastKnownFileType = sourcecode.swift; path = PhotoUser.swift; sourceTree = "<group>"; };
		86DA476F2652EAA5000E1927 /* UserService.swift */ = {isa = PBXFileReference; lastKnownFileType = sourcecode.swift; path = UserService.swift; sourceTree = "<group>"; };
		86DA47722652EEC5000E1927 /* Constants.swift */ = {isa = PBXFileReference; lastKnownFileType = sourcecode.swift; path = Constants.swift; sourceTree = "<group>"; };
		86DA47752652FDD3000E1927 /* LocalStorageService.swift */ = {isa = PBXFileReference; lastKnownFileType = sourcecode.swift; path = LocalStorageService.swift; sourceTree = "<group>"; };
		D4BB9AF99FCFB02267C8E248 /* Pods-photoDB.debug.xcconfig */ = {isa = PBXFileReference; includeInIndex = 1; lastKnownFileType = text.xcconfig; name = "Pods-photoDB.debug.xcconfig"; path = "Target Support Files/Pods-photoDB/Pods-photoDB.debug.xcconfig"; sourceTree = "<group>"; };
/* End PBXFileReference section */

/* Begin PBXFrameworksBuildPhase section */
		86C473132652D0B200490651 /* Frameworks */ = {
			isa = PBXFrameworksBuildPhase;
			buildActionMask = 2147483647;
			files = (
				4DAA44D219CD6040561839E3 /* Pods_photoDB.framework in Frameworks */,
			);
			runOnlyForDeploymentPostprocessing = 0;
		};
/* End PBXFrameworksBuildPhase section */

/* Begin PBXGroup section */
		23BF022C813CF2B6FB61A888 /* Pods */ = {
			isa = PBXGroup;
			children = (
				D4BB9AF99FCFB02267C8E248 /* Pods-photoDB.debug.xcconfig */,
				42ABE6529E2D5D776D18F969 /* Pods-photoDB.release.xcconfig */,
			);
			path = Pods;
			sourceTree = "<group>";
		};
		86C4730D2652D0B200490651 = {
			isa = PBXGroup;
			children = (
				86C473182652D0B200490651 /* photoDB */,
				86C473172652D0B200490651 /* Products */,
				23BF022C813CF2B6FB61A888 /* Pods */,
				8E1C2340296B4E6D690EE544 /* Frameworks */,
			);
			sourceTree = "<group>";
		};
		86C473172652D0B200490651 /* Products */ = {
			isa = PBXGroup;
			children = (
				86C473162652D0B200490651 /* photoDB.app */,
			);
			name = Products;
			sourceTree = "<group>";
		};
		86C473182652D0B200490651 /* photoDB */ = {
			isa = PBXGroup;
			children = (
				86C473192652D0B200490651 /* AppDelegate.swift */,
				86C4731B2652D0B200490651 /* SceneDelegate.swift */,
				86C473542652D4E400490651 /* Storyboards */,
				86C473552652D50F00490651 /* Services */,
				86C473592652D54800490651 /* ViewControllers */,
				86C473582652D54000490651 /* Models */,
				86C473572652D53000490651 /* Views */,
				86C473562652D52700490651 /* Helpers */,
				86C473222652D0BC00490651 /* Assets.xcassets */,
				86C473272652D0BC00490651 /* Info.plist */,
				86C4732E2652D15500490651 /* GoogleService-Info.plist */,
			);
			path = photoDB;
			sourceTree = "<group>";
		};
		86C473542652D4E400490651 /* Storyboards */ = {
			isa = PBXGroup;
			children = (
				86C4731F2652D0B200490651 /* Main.storyboard */,
				86C473242652D0BC00490651 /* LaunchScreen.storyboard */,
			);
			path = Storyboards;
			sourceTree = "<group>";
		};
		86C473552652D50F00490651 /* Services */ = {
			isa = PBXGroup;
			children = (
				86DA476F2652EAA5000E1927 /* UserService.swift */,
				86DA47752652FDD3000E1927 /* LocalStorageService.swift */,
				86C5D10226532913005DADEB /* PhotoService.swift */,
			);
			path = Services;
			sourceTree = "<group>";
		};
		86C473562652D52700490651 /* Helpers */ = {
			isa = PBXGroup;
			children = (
				86DA47722652EEC5000E1927 /* Constants.swift */,
			);
			path = Helpers;
			sourceTree = "<group>";
		};
		86C473572652D53000490651 /* Views */ = {
			isa = PBXGroup;
			children = (
			);
			path = Views;
			sourceTree = "<group>";
		};
		86C473582652D54000490651 /* Models */ = {
			isa = PBXGroup;
			children = (
				86DA476C2652EA61000E1927 /* PhotoUser.swift */,
				86C5D0FF265328BD005DADEB /* Photo.swift */,
			);
			path = Models;
			sourceTree = "<group>";
		};
		86C473592652D54800490651 /* ViewControllers */ = {
			isa = PBXGroup;
			children = (
				86C4735A2652D5A100490651 /* LoginViewController.swift */,
				8632A9942652D7A9003AEC07 /* CreateProfileViewController.swift */,
				8632A9972652DD5B003AEC07 /* FeedViewController.swift */,
				8632A99A2652DDFC003AEC07 /* CameraViewController.swift */,
				8632A99D2652DE0A003AEC07 /* SettingsViewController.swift */,
				86C5D0FC26531FD3005DADEB /* MainTabBarController.swift */,
			);
			path = ViewControllers;
			sourceTree = "<group>";
		};
		8E1C2340296B4E6D690EE544 /* Frameworks */ = {
			isa = PBXGroup;
			children = (
				21ADCFBC61518F5238204396 /* Pods_photoDB.framework */,
			);
			name = Frameworks;
			sourceTree = "<group>";
		};
/* End PBXGroup section */

/* Begin PBXNativeTarget section */
		86C473152652D0B200490651 /* photoDB */ = {
			isa = PBXNativeTarget;
			buildConfigurationList = 86C4732A2652D0BC00490651 /* Build configuration list for PBXNativeTarget "photoDB" */;
			buildPhases = (
				6F392C738AA6BA0C04E6D1F5 /* [CP] Check Pods Manifest.lock */,
				86C473122652D0B200490651 /* Sources */,
				86C473132652D0B200490651 /* Frameworks */,
				86C473142652D0B200490651 /* Resources */,
				C0BB729CEA969FEB4B01DE8B /* [CP] Embed Pods Frameworks */,
				A868A08B75027AB6F2070F9F /* [CP] Copy Pods Resources */,
			);
			buildRules = (
			);
			dependencies = (
			);
			name = photoDB;
			productName = photoDB;
			productReference = 86C473162652D0B200490651 /* photoDB.app */;
			productType = "com.apple.product-type.application";
		};
/* End PBXNativeTarget section */

/* Begin PBXProject section */
		86C4730E2652D0B200490651 /* Project object */ = {
			isa = PBXProject;
			attributes = {
				LastSwiftUpdateCheck = 1240;
				LastUpgradeCheck = 1240;
				TargetAttributes = {
					86C473152652D0B200490651 = {
						CreatedOnToolsVersion = 12.4;
					};
				};
			};
			buildConfigurationList = 86C473112652D0B200490651 /* Build configuration list for PBXProject "photoDB" */;
			compatibilityVersion = "Xcode 9.3";
			developmentRegion = en;
			hasScannedForEncodings = 0;
			knownRegions = (
				en,
				Base,
			);
			mainGroup = 86C4730D2652D0B200490651;
			productRefGroup = 86C473172652D0B200490651 /* Products */;
			projectDirPath = "";
			projectRoot = "";
			targets = (
				86C473152652D0B200490651 /* photoDB */,
			);
		};
/* End PBXProject section */

/* Begin PBXResourcesBuildPhase section */
		86C473142652D0B200490651 /* Resources */ = {
			isa = PBXResourcesBuildPhase;
			buildActionMask = 2147483647;
			files = (
				86C473262652D0BC00490651 /* LaunchScreen.storyboard in Resources */,
				86C4732F2652D15500490651 /* GoogleService-Info.plist in Resources */,
				86C473232652D0BC00490651 /* Assets.xcassets in Resources */,
				86C473212652D0B200490651 /* Main.storyboard in Resources */,
			);
			runOnlyForDeploymentPostprocessing = 0;
		};
/* End PBXResourcesBuildPhase section */

/* Begin PBXShellScriptBuildPhase section */
		6F392C738AA6BA0C04E6D1F5 /* [CP] Check Pods Manifest.lock */ = {
			isa = PBXShellScriptBuildPhase;
			buildActionMask = 2147483647;
			files = (
			);
			inputFileListPaths = (
			);
			inputPaths = (
				"${PODS_PODFILE_DIR_PATH}/Podfile.lock",
				"${PODS_ROOT}/Manifest.lock",
			);
			name = "[CP] Check Pods Manifest.lock";
			outputFileListPaths = (
			);
			outputPaths = (
				"$(DERIVED_FILE_DIR)/Pods-photoDB-checkManifestLockResult.txt",
			);
			runOnlyForDeploymentPostprocessing = 0;
			shellPath = /bin/sh;
			shellScript = "diff \"${PODS_PODFILE_DIR_PATH}/Podfile.lock\" \"${PODS_ROOT}/Manifest.lock\" > /dev/null\nif [ $? != 0 ] ; then\n    # print error to STDERR\n    echo \"error: The sandbox is not in sync with the Podfile.lock. Run 'pod install' or update your CocoaPods installation.\" >&2\n    exit 1\nfi\n# This output is used by Xcode 'outputs' to avoid re-running this script phase.\necho \"SUCCESS\" > \"${SCRIPT_OUTPUT_FILE_0}\"\n";
			showEnvVarsInLog = 0;
		};
		A868A08B75027AB6F2070F9F /* [CP] Copy Pods Resources */ = {
			isa = PBXShellScriptBuildPhase;
			buildActionMask = 2147483647;
			files = (
			);
			inputFileListPaths = (
				"${PODS_ROOT}/Target Support Files/Pods-photoDB/Pods-photoDB-resources-${CONFIGURATION}-input-files.xcfilelist",
			);
			name = "[CP] Copy Pods Resources";
			outputFileListPaths = (
				"${PODS_ROOT}/Target Support Files/Pods-photoDB/Pods-photoDB-resources-${CONFIGURATION}-output-files.xcfilelist",
			);
			runOnlyForDeploymentPostprocessing = 0;
			shellPath = /bin/sh;
			shellScript = "\"${PODS_ROOT}/Target Support Files/Pods-photoDB/Pods-photoDB-resources.sh\"\n";
			showEnvVarsInLog = 0;
		};
		C0BB729CEA969FEB4B01DE8B /* [CP] Embed Pods Frameworks */ = {
			isa = PBXShellScriptBuildPhase;
			buildActionMask = 2147483647;
			files = (
			);
			inputFileListPaths = (
				"${PODS_ROOT}/Target Support Files/Pods-photoDB/Pods-photoDB-frameworks-${CONFIGURATION}-input-files.xcfilelist",
			);
			name = "[CP] Embed Pods Frameworks";
			outputFileListPaths = (
				"${PODS_ROOT}/Target Support Files/Pods-photoDB/Pods-photoDB-frameworks-${CONFIGURATION}-output-files.xcfilelist",
			);
			runOnlyForDeploymentPostprocessing = 0;
			shellPath = /bin/sh;
			shellScript = "\"${PODS_ROOT}/Target Support Files/Pods-photoDB/Pods-photoDB-frameworks.sh\"\n";
			showEnvVarsInLog = 0;
		};
/* End PBXShellScriptBuildPhase section */

/* Begin PBXSourcesBuildPhase section */
		86C473122652D0B200490651 /* Sources */ = {
			isa = PBXSourcesBuildPhase;
			buildActionMask = 2147483647;
			files = (
				8632A9952652D7A9003AEC07 /* CreateProfileViewController.swift in Sources */,
				86C4735B2652D5A100490651 /* LoginViewController.swift in Sources */,
				86C5D0FD26531FD3005DADEB /* MainTabBarController.swift in Sources */,
				86DA47702652EAA5000E1927 /* UserService.swift in Sources */,
				8632A99E2652DE0A003AEC07 /* SettingsViewController.swift in Sources */,
				86DA476D2652EA61000E1927 /* PhotoUser.swift in Sources */,
				86C5D10326532913005DADEB /* PhotoService.swift in Sources */,
				86C5D100265328BD005DADEB /* Photo.swift in Sources */,
				86DA47732652EEC5000E1927 /* Constants.swift in Sources */,
				8632A9982652DD5B003AEC07 /* FeedViewController.swift in Sources */,
				86C4731A2652D0B200490651 /* AppDelegate.swift in Sources */,
				86C4731C2652D0B200490651 /* SceneDelegate.swift in Sources */,
				8632A99B2652DDFC003AEC07 /* CameraViewController.swift in Sources */,
				86DA47762652FDD3000E1927 /* LocalStorageService.swift in Sources */,
			);
			runOnlyForDeploymentPostprocessing = 0;
		};
/* End PBXSourcesBuildPhase section */

/* Begin PBXVariantGroup section */
		86C4731F2652D0B200490651 /* Main.storyboard */ = {
			isa = PBXVariantGroup;
			children = (
				86C473202652D0B200490651 /* Base */,
			);
			name = Main.storyboard;
			sourceTree = "<group>";
		};
		86C473242652D0BC00490651 /* LaunchScreen.storyboard */ = {
			isa = PBXVariantGroup;
			children = (
				86C473252652D0BC00490651 /* Base */,
			);
			name = LaunchScreen.storyboard;
			sourceTree = "<group>";
		};
/* End PBXVariantGroup section */

/* Begin XCBuildConfiguration section */
		86C473282652D0BC00490651 /* Debug */ = {
			isa = XCBuildConfiguration;
			buildSettings = {
				ALWAYS_SEARCH_USER_PATHS = NO;
				CLANG_ANALYZER_NONNULL = YES;
				CLANG_ANALYZER_NUMBER_OBJECT_CONVERSION = YES_AGGRESSIVE;
				CLANG_CXX_LANGUAGE_STANDARD = "gnu++14";
				CLANG_CXX_LIBRARY = "libc++";
				CLANG_ENABLE_MODULES = YES;
				CLANG_ENABLE_OBJC_ARC = YES;
				CLANG_ENABLE_OBJC_WEAK = YES;
				CLANG_WARN_BLOCK_CAPTURE_AUTORELEASING = YES;
				CLANG_WARN_BOOL_CONVERSION = YES;
				CLANG_WARN_COMMA = YES;
				CLANG_WARN_CONSTANT_CONVERSION = YES;
				CLANG_WARN_DEPRECATED_OBJC_IMPLEMENTATIONS = YES;
				CLANG_WARN_DIRECT_OBJC_ISA_USAGE = YES_ERROR;
				CLANG_WARN_DOCUMENTATION_COMMENTS = YES;
				CLANG_WARN_EMPTY_BODY = YES;
				CLANG_WARN_ENUM_CONVERSION = YES;
				CLANG_WARN_INFINITE_RECURSION = YES;
				CLANG_WARN_INT_CONVERSION = YES;
				CLANG_WARN_NON_LITERAL_NULL_CONVERSION = YES;
				CLANG_WARN_OBJC_IMPLICIT_RETAIN_SELF = YES;
				CLANG_WARN_OBJC_LITERAL_CONVERSION = YES;
				CLANG_WARN_OBJC_ROOT_CLASS = YES_ERROR;
				CLANG_WARN_QUOTED_INCLUDE_IN_FRAMEWORK_HEADER = YES;
				CLANG_WARN_RANGE_LOOP_ANALYSIS = YES;
				CLANG_WARN_STRICT_PROTOTYPES = YES;
				CLANG_WARN_SUSPICIOUS_MOVE = YES;
				CLANG_WARN_UNGUARDED_AVAILABILITY = YES_AGGRESSIVE;
				CLANG_WARN_UNREACHABLE_CODE = YES;
				CLANG_WARN__DUPLICATE_METHOD_MATCH = YES;
				COPY_PHASE_STRIP = NO;
				DEBUG_INFORMATION_FORMAT = dwarf;
				ENABLE_STRICT_OBJC_MSGSEND = YES;
				ENABLE_TESTABILITY = YES;
				GCC_C_LANGUAGE_STANDARD = gnu11;
				GCC_DYNAMIC_NO_PIC = NO;
				GCC_NO_COMMON_BLOCKS = YES;
				GCC_OPTIMIZATION_LEVEL = 0;
				GCC_PREPROCESSOR_DEFINITIONS = (
					"DEBUG=1",
					"$(inherited)",
				);
				GCC_WARN_64_TO_32_BIT_CONVERSION = YES;
				GCC_WARN_ABOUT_RETURN_TYPE = YES_ERROR;
				GCC_WARN_UNDECLARED_SELECTOR = YES;
				GCC_WARN_UNINITIALIZED_AUTOS = YES_AGGRESSIVE;
				GCC_WARN_UNUSED_FUNCTION = YES;
				GCC_WARN_UNUSED_VARIABLE = YES;
				IPHONEOS_DEPLOYMENT_TARGET = 14.4;
				MTL_ENABLE_DEBUG_INFO = INCLUDE_SOURCE;
				MTL_FAST_MATH = YES;
				ONLY_ACTIVE_ARCH = YES;
				SDKROOT = iphoneos;
				SWIFT_ACTIVE_COMPILATION_CONDITIONS = DEBUG;
				SWIFT_OPTIMIZATION_LEVEL = "-Onone";
			};
			name = Debug;
		};
		86C473292652D0BC00490651 /* Release */ = {
			isa = XCBuildConfiguration;
			buildSettings = {
				ALWAYS_SEARCH_USER_PATHS = NO;
				CLANG_ANALYZER_NONNULL = YES;
				CLANG_ANALYZER_NUMBER_OBJECT_CONVERSION = YES_AGGRESSIVE;
				CLANG_CXX_LANGUAGE_STANDARD = "gnu++14";
				CLANG_CXX_LIBRARY = "libc++";
				CLANG_ENABLE_MODULES = YES;
				CLANG_ENABLE_OBJC_ARC = YES;
				CLANG_ENABLE_OBJC_WEAK = YES;
				CLANG_WARN_BLOCK_CAPTURE_AUTORELEASING = YES;
				CLANG_WARN_BOOL_CONVERSION = YES;
				CLANG_WARN_COMMA = YES;
				CLANG_WARN_CONSTANT_CONVERSION = YES;
				CLANG_WARN_DEPRECATED_OBJC_IMPLEMENTATIONS = YES;
				CLANG_WARN_DIRECT_OBJC_ISA_USAGE = YES_ERROR;
				CLANG_WARN_DOCUMENTATION_COMMENTS = YES;
				CLANG_WARN_EMPTY_BODY = YES;
				CLANG_WARN_ENUM_CONVERSION = YES;
				CLANG_WARN_INFINITE_RECURSION = YES;
				CLANG_WARN_INT_CONVERSION = YES;
				CLANG_WARN_NON_LITERAL_NULL_CONVERSION = YES;
				CLANG_WARN_OBJC_IMPLICIT_RETAIN_SELF = YES;
				CLANG_WARN_OBJC_LITERAL_CONVERSION = YES;
				CLANG_WARN_OBJC_ROOT_CLASS = YES_ERROR;
				CLANG_WARN_QUOTED_INCLUDE_IN_FRAMEWORK_HEADER = YES;
				CLANG_WARN_RANGE_LOOP_ANALYSIS = YES;
				CLANG_WARN_STRICT_PROTOTYPES = YES;
				CLANG_WARN_SUSPICIOUS_MOVE = YES;
				CLANG_WARN_UNGUARDED_AVAILABILITY = YES_AGGRESSIVE;
				CLANG_WARN_UNREACHABLE_CODE = YES;
				CLANG_WARN__DUPLICATE_METHOD_MATCH = YES;
				COPY_PHASE_STRIP = NO;
				DEBUG_INFORMATION_FORMAT = "dwarf-with-dsym";
				ENABLE_NS_ASSERTIONS = NO;
				ENABLE_STRICT_OBJC_MSGSEND = YES;
				GCC_C_LANGUAGE_STANDARD = gnu11;
				GCC_NO_COMMON_BLOCKS = YES;
				GCC_WARN_64_TO_32_BIT_CONVERSION = YES;
				GCC_WARN_ABOUT_RETURN_TYPE = YES_ERROR;
				GCC_WARN_UNDECLARED_SELECTOR = YES;
				GCC_WARN_UNINITIALIZED_AUTOS = YES_AGGRESSIVE;
				GCC_WARN_UNUSED_FUNCTION = YES;
				GCC_WARN_UNUSED_VARIABLE = YES;
				IPHONEOS_DEPLOYMENT_TARGET = 14.4;
				MTL_ENABLE_DEBUG_INFO = NO;
				MTL_FAST_MATH = YES;
				SDKROOT = iphoneos;
				SWIFT_COMPILATION_MODE = wholemodule;
				SWIFT_OPTIMIZATION_LEVEL = "-O";
				VALIDATE_PRODUCT = YES;
			};
			name = Release;
		};
		86C4732B2652D0BC00490651 /* Debug */ = {
			isa = XCBuildConfiguration;
			baseConfigurationReference = D4BB9AF99FCFB02267C8E248 /* Pods-photoDB.debug.xcconfig */;
			buildSettings = {
				ASSETCATALOG_COMPILER_APPICON_NAME = AppIcon;
				ASSETCATALOG_COMPILER_GLOBAL_ACCENT_COLOR_NAME = AccentColor;
				CODE_SIGN_STYLE = Automatic;
				DEVELOPMENT_TEAM = 6G55GN6D6R;
				INFOPLIST_FILE = photoDB/Info.plist;
				LD_RUNPATH_SEARCH_PATHS = (
					"$(inherited)",
					"@executable_path/Frameworks",
				);
				PRODUCT_BUNDLE_IDENTIFIER = com.bdrouviere.photoDB;
				PRODUCT_NAME = "$(TARGET_NAME)";
				SWIFT_VERSION = 5.0;
				TARGETED_DEVICE_FAMILY = "1,2";
			};
			name = Debug;
		};
		86C4732C2652D0BC00490651 /* Release */ = {
			isa = XCBuildConfiguration;
			baseConfigurationReference = 42ABE6529E2D5D776D18F969 /* Pods-photoDB.release.xcconfig */;
			buildSettings = {
				ASSETCATALOG_COMPILER_APPICON_NAME = AppIcon;
				ASSETCATALOG_COMPILER_GLOBAL_ACCENT_COLOR_NAME = AccentColor;
				CODE_SIGN_STYLE = Automatic;
				DEVELOPMENT_TEAM = 6G55GN6D6R;
				INFOPLIST_FILE = photoDB/Info.plist;
				LD_RUNPATH_SEARCH_PATHS = (
					"$(inherited)",
					"@executable_path/Frameworks",
				);
				PRODUCT_BUNDLE_IDENTIFIER = com.bdrouviere.photoDB;
				PRODUCT_NAME = "$(TARGET_NAME)";
				SWIFT_VERSION = 5.0;
				TARGETED_DEVICE_FAMILY = "1,2";
			};
			name = Release;
		};
/* End XCBuildConfiguration section */

/* Begin XCConfigurationList section */
		86C473112652D0B200490651 /* Build configuration list for PBXProject "photoDB" */ = {
			isa = XCConfigurationList;
			buildConfigurations = (
				86C473282652D0BC00490651 /* Debug */,
				86C473292652D0BC00490651 /* Release */,
			);
			defaultConfigurationIsVisible = 0;
			defaultConfigurationName = Release;
		};
		86C4732A2652D0BC00490651 /* Build configuration list for PBXNativeTarget "photoDB" */ = {
			isa = XCConfigurationList;
			buildConfigurations = (
				86C4732B2652D0BC00490651 /* Debug */,
				86C4732C2652D0BC00490651 /* Release */,
			);
			defaultConfigurationIsVisible = 0;
			defaultConfigurationName = Release;
		};
/* End XCConfigurationList section */
	};
	rootObject = 86C4730E2652D0B200490651 /* Project object */;
}
